// !$*UTF8*$!
{
	archiveVersion = 1;
	classes = {
	};
	objectVersion = 50;
	objects = {

/* Begin PBXBuildFile section */
		650625BA2579319E0002846C /* DetaiViewController.swift in Sources */ = {isa = PBXBuildFile; fileRef = 650625B92579319E0002846C /* DetaiViewController.swift */; };
		659DC84225780F71002F49CF /* AppDelegate.swift in Sources */ = {isa = PBXBuildFile; fileRef = 659DC84125780F71002F49CF /* AppDelegate.swift */; };
		659DC84425780F71002F49CF /* SceneDelegate.swift in Sources */ = {isa = PBXBuildFile; fileRef = 659DC84325780F71002F49CF /* SceneDelegate.swift */; };
		659DC84925780F71002F49CF /* Main.storyboard in Resources */ = {isa = PBXBuildFile; fileRef = 659DC84725780F71002F49CF /* Main.storyboard */; };
		659DC84B25780F72002F49CF /* Assets.xcassets in Resources */ = {isa = PBXBuildFile; fileRef = 659DC84A25780F72002F49CF /* Assets.xcassets */; };
		659DC84E25780F72002F49CF /* LaunchScreen.storyboard in Resources */ = {isa = PBXBuildFile; fileRef = 659DC84C25780F72002F49CF /* LaunchScreen.storyboard */; };
		659DC85825792587002F49CF /* CodeTermTableViewController.swift in Sources */ = {isa = PBXBuildFile; fileRef = 659DC85725792586002F49CF /* CodeTermTableViewController.swift */; };
/* End PBXBuildFile section */

/* Begin PBXFileReference section */
		650625B92579319E0002846C /* DetaiViewController.swift */ = {isa = PBXFileReference; lastKnownFileType = sourcecode.swift; path = DetaiViewController.swift; sourceTree = "<group>"; };
		659DC83E25780F71002F49CF /* Code Dictionary.app */ = {isa = PBXFileReference; explicitFileType = wrapper.application; includeInIndex = 0; path = "Code Dictionary.app"; sourceTree = BUILT_PRODUCTS_DIR; };
		659DC84125780F71002F49CF /* AppDelegate.swift */ = {isa = PBXFileReference; lastKnownFileType = sourcecode.swift; path = AppDelegate.swift; sourceTree = "<group>"; };
		659DC84325780F71002F49CF /* SceneDelegate.swift */ = {isa = PBXFileReference; lastKnownFileType = sourcecode.swift; path = SceneDelegate.swift; sourceTree = "<group>"; };
		659DC84825780F71002F49CF /* Base */ = {isa = PBXFileReference; lastKnownFileType = file.storyboard; name = Base; path = Base.lproj/Main.storyboard; sourceTree = "<group>"; };
		659DC84A25780F72002F49CF /* Assets.xcassets */ = {isa = PBXFileReference; lastKnownFileType = folder.assetcatalog; path = Assets.xcassets; sourceTree = "<group>"; };
		659DC84D25780F72002F49CF /* Base */ = {isa = PBXFileReference; lastKnownFileType = file.storyboard; name = Base; path = Base.lproj/LaunchScreen.storyboard; sourceTree = "<group>"; };
		659DC84F25780F72002F49CF /* Info.plist */ = {isa = PBXFileReference; lastKnownFileType = text.plist.xml; path = Info.plist; sourceTree = "<group>"; };
		659DC85725792586002F49CF /* CodeTermTableViewController.swift */ = {isa = PBXFileReference; lastKnownFileType = sourcecode.swift; path = CodeTermTableViewController.swift; sourceTree = "<group>"; };
/* End PBXFileReference section */

/* Begin PBXFrameworksBuildPhase section */
		659DC83B25780F70002F49CF /* Frameworks */ = {
			isa = PBXFrameworksBuildPhase;
			buildActionMask = 2147483647;
			files = (
			);
			runOnlyForDeploymentPostprocessing = 0;
		};
/* End PBXFrameworksBuildPhase section */

/* Begin PBXGroup section */
		659DC83525780F70002F49CF = {
			isa = PBXGroup;
			children = (
				659DC84025780F71002F49CF /* Code Dictionary */,
				659DC83F25780F71002F49CF /* Products */,
			);
			sourceTree = "<group>";
		};
		659DC83F25780F71002F49CF /* Products */ = {
			isa = PBXGroup;
			children = (
				659DC83E25780F71002F49CF /* Code Dictionary.app */,
			);
			name = Products;
			sourceTree = "<group>";
		};
		659DC84025780F71002F49CF /* Code Dictionary */ = {
			isa = PBXGroup;
			children = (
				659DC85725792586002F49CF /* CodeTermTableViewController.swift */,
				659DC84125780F71002F49CF /* AppDelegate.swift */,
				659DC84325780F71002F49CF /* SceneDelegate.swift */,
				659DC84725780F71002F49CF /* Main.storyboard */,
				659DC84A25780F72002F49CF /* Assets.xcassets */,
				659DC84C25780F72002F49CF /* LaunchScreen.storyboard */,
				659DC84F25780F72002F49CF /* Info.plist */,
				650625B92579319E0002846C /* DetaiViewController.swift */,
			);
			path = "Code Dictionary";
			sourceTree = "<group>";
		};
/* End PBXGroup section */

/* Begin PBXNativeTarget section */
		659DC83D25780F70002F49CF /* Code Dictionary */ = {
			isa = PBXNativeTarget;
			buildConfigurationList = 659DC85225780F72002F49CF /* Build configuration list for PBXNativeTarget "Code Dictionary" */;
			buildPhases = (
				659DC83A25780F70002F49CF /* Sources */,
				659DC83B25780F70002F49CF /* Frameworks */,
				659DC83C25780F70002F49CF /* Resources */,
			);
			buildRules = (
			);
			dependencies = (
			);
			name = "Code Dictionary";
			productName = "Code Dictionary";
			productReference = 659DC83E25780F71002F49CF /* Code Dictionary.app */;
			productType = "com.apple.product-type.application";
		};
/* End PBXNativeTarget section */

/* Begin PBXProject section */
		659DC83625780F70002F49CF /* Project object */ = {
			isa = PBXProject;
			attributes = {
				LastSwiftUpdateCheck = 1220;
				LastUpgradeCheck = 1220;
				TargetAttributes = {
					659DC83D25780F70002F49CF = {
						CreatedOnToolsVersion = 12.2;
					};
				};
			};
			buildConfigurationList = 659DC83925780F70002F49CF /* Build configuration list for PBXProject "Code Dictionary" */;
			compatibilityVersion = "Xcode 9.3";
			developmentRegion = en;
			hasScannedForEncodings = 0;
			knownRegions = (
				en,
				Base,
			);
			mainGroup = 659DC83525780F70002F49CF;
			productRefGroup = 659DC83F25780F71002F49CF /* Products */;
			projectDirPath = "";
			projectRoot = "";
			targets = (
				659DC83D25780F70002F49CF /* Code Dictionary */,
			);
		};
/* End PBXProject section */

/* Begin PBXResourcesBuildPhase section */
		659DC83C25780F70002F49CF /* Resources */ = {
			isa = PBXResourcesBuildPhase;
			buildActionMask = 2147483647;
			files = (
				659DC84E25780F72002F49CF /* LaunchScreen.storyboard in Resources */,
				659DC84B25780F72002F49CF /* Assets.xcassets in Resources */,
				659DC84925780F71002F49CF /* Main.storyboard in Resources */,
			);
			runOnlyForDeploymentPostprocessing = 0;
		};
/* End PBXResourcesBuildPhase section */

/* Begin PBXSourcesBuildPhase section */
		659DC83A25780F70002F49CF /* Sources */ = {
			isa = PBXSourcesBuildPhase;
			buildActionMask = 2147483647;
			files = (
				659DC85825792587002F49CF /* CodeTermTableViewController.swift in Sources */,
				659DC84225780F71002F49CF /* AppDelegate.swift in Sources */,
				650625BA2579319E0002846C /* DetaiViewController.swift in Sources */,
				659DC84425780F71002F49CF /* SceneDelegate.swift in Sources */,
			);
			runOnlyForDeploymentPostprocessing = 0;
		};
/* End PBXSourcesBuildPhase section */

/* Begin PBXVariantGroup section */
		659DC84725780F71002F49CF /* Main.storyboard */ = {
			isa = PBXVariantGroup;
			children = (
				659DC84825780F71002F49CF /* Base */,
			);
			name = Main.storyboard;
			sourceTree = "<group>";
		};
		659DC84C25780F72002F49CF /* LaunchScreen.storyboard */ = {
			isa = PBXVariantGroup;
			children = (
				659DC84D25780F72002F49CF /* Base */,
			);
			name = LaunchScreen.storyboard;
			sourceTree = "<group>";
		};
/* End PBXVariantGroup section */

/* Begin XCBuildConfiguration section */
		659DC85025780F72002F49CF /* Debug */ = {
			isa = XCBuildConfiguration;
			buildSettings = {
				ALWAYS_SEARCH_USER_PATHS = NO;
				CLANG_ANALYZER_NONNULL = YES;
				CLANG_ANALYZER_NUMBER_OBJECT_CONVERSION = YES_AGGRESSIVE;
				CLANG_CXX_LANGUAGE_STANDARD = "gnu++14";
				CLANG_CXX_LIBRARY = "libc++";
				CLANG_ENABLE_MODULES = YES;
				CLANG_ENABLE_OBJC_ARC = YES;
				CLANG_ENABLE_OBJC_WEAK = YES;
				CLANG_WARN_BLOCK_CAPTURE_AUTORELEASING = YES;
				CLANG_WARN_BOOL_CONVERSION = YES;
				CLANG_WARN_COMMA = YES;
				CLANG_WARN_CONSTANT_CONVERSION = YES;
				CLANG_WARN_DEPRECATED_OBJC_IMPLEMENTATIONS = YES;
				CLANG_WARN_DIRECT_OBJC_ISA_USAGE = YES_ERROR;
				CLANG_WARN_DOCUMENTATION_COMMENTS = YES;
				CLANG_WARN_EMPTY_BODY = YES;
				CLANG_WARN_ENUM_CONVERSION = YES;
				CLANG_WARN_INFINITE_RECURSION = YES;
				CLANG_WARN_INT_CONVERSION = YES;
				CLANG_WARN_NON_LITERAL_NULL_CONVERSION = YES;
				CLANG_WARN_OBJC_IMPLICIT_RETAIN_SELF = YES;
				CLANG_WARN_OBJC_LITERAL_CONVERSION = YES;
				CLANG_WARN_OBJC_ROOT_CLASS = YES_ERROR;
				CLANG_WARN_QUOTED_INCLUDE_IN_FRAMEWORK_HEADER = YES;
				CLANG_WARN_RANGE_LOOP_ANALYSIS = YES;
				CLANG_WARN_STRICT_PROTOTYPES = YES;
				CLANG_WARN_SUSPICIOUS_MOVE = YES;
				CLANG_WARN_UNGUARDED_AVAILABILITY = YES_AGGRESSIVE;
				CLANG_WARN_UNREACHABLE_CODE = YES;
				CLANG_WARN__DUPLICATE_METHOD_MATCH = YES;
				COPY_PHASE_STRIP = NO;
				DEBUG_INFORMATION_FORMAT = dwarf;
				ENABLE_STRICT_OBJC_MSGSEND = YES;
				ENABLE_TESTABILITY = YES;
				GCC_C_LANGUAGE_STANDARD = gnu11;
				GCC_DYNAMIC_NO_PIC = NO;
				GCC_NO_COMMON_BLOCKS = YES;
				GCC_OPTIMIZATION_LEVEL = 0;
				GCC_PREPROCESSOR_DEFINITIONS = (
					"DEBUG=1",
					"$(inherited)",
				);
				GCC_WARN_64_TO_32_BIT_CONVERSION = YES;
				GCC_WARN_ABOUT_RETURN_TYPE = YES_ERROR;
				GCC_WARN_UNDECLARED_SELECTOR = YES;
				GCC_WARN_UNINITIALIZED_AUTOS = YES_AGGRESSIVE;
				GCC_WARN_UNUSED_FUNCTION = YES;
				GCC_WARN_UNUSED_VARIABLE = YES;
				IPHONEOS_DEPLOYMENT_TARGET = 14.2;
				MTL_ENABLE_DEBUG_INFO = INCLUDE_SOURCE;
				MTL_FAST_MATH = YES;
				ONLY_ACTIVE_ARCH = YES;
				SDKROOT = iphoneos;
				SWIFT_ACTIVE_COMPILATION_CONDITIONS = DEBUG;
				SWIFT_OPTIMIZATION_LEVEL = "-Onone";
			};
			name = Debug;
		};
		659DC85125780F72002F49CF /* Release */ = {
			isa = XCBuildConfiguration;
			buildSettings = {
				ALWAYS_SEARCH_USER_PATHS = NO;
				CLANG_ANALYZER_NONNULL = YES;
				CLANG_ANALYZER_NUMBER_OBJECT_CONVERSION = YES_AGGRESSIVE;
				CLANG_CXX_LANGUAGE_STANDARD = "gnu++14";
				CLANG_CXX_LIBRARY = "libc++";
				CLANG_ENABLE_MODULES = YES;
				CLANG_ENABLE_OBJC_ARC = YES;
				CLANG_ENABLE_OBJC_WEAK = YES;
				CLANG_WARN_BLOCK_CAPTURE_AUTORELEASING = YES;
				CLANG_WARN_BOOL_CONVERSION = YES;
				CLANG_WARN_COMMA = YES;
				CLANG_WARN_CONSTANT_CONVERSION = YES;
				CLANG_WARN_DEPRECATED_OBJC_IMPLEMENTATIONS = YES;
				CLANG_WARN_DIRECT_OBJC_ISA_USAGE = YES_ERROR;
				CLANG_WARN_DOCUMENTATION_COMMENTS = YES;
				CLANG_WARN_EMPTY_BODY = YES;
				CLANG_WARN_ENUM_CONVERSION = YES;
				CLANG_WARN_INFINITE_RECURSION = YES;
				CLANG_WARN_INT_CONVERSION = YES;
				CLANG_WARN_NON_LITERAL_NULL_CONVERSION = YES;
				CLANG_WARN_OBJC_IMPLICIT_RETAIN_SELF = YES;
				CLANG_WARN_OBJC_LITERAL_CONVERSION = YES;
				CLANG_WARN_OBJC_ROOT_CLASS = YES_ERROR;
				CLANG_WARN_QUOTED_INCLUDE_IN_FRAMEWORK_HEADER = YES;
				CLANG_WARN_RANGE_LOOP_ANALYSIS = YES;
				CLANG_WARN_STRICT_PROTOTYPES = YES;
				CLANG_WARN_SUSPICIOUS_MOVE = YES;
				CLANG_WARN_UNGUARDED_AVAILABILITY = YES_AGGRESSIVE;
				CLANG_WARN_UNREACHABLE_CODE = YES;
				CLANG_WARN__DUPLICATE_METHOD_MATCH = YES;
				COPY_PHASE_STRIP = NO;
				DEBUG_INFORMATION_FORMAT = "dwarf-with-dsym";
				ENABLE_NS_ASSERTIONS = NO;
				ENABLE_STRICT_OBJC_MSGSEND = YES;
				GCC_C_LANGUAGE_STANDARD = gnu11;
				GCC_NO_COMMON_BLOCKS = YES;
				GCC_WARN_64_TO_32_BIT_CONVERSION = YES;
				GCC_WARN_ABOUT_RETURN_TYPE = YES_ERROR;
				GCC_WARN_UNDECLARED_SELECTOR = YES;
				GCC_WARN_UNINITIALIZED_AUTOS = YES_AGGRESSIVE;
				GCC_WARN_UNUSED_FUNCTION = YES;
				GCC_WARN_UNUSED_VARIABLE = YES;
				IPHONEOS_DEPLOYMENT_TARGET = 14.2;
				MTL_ENABLE_DEBUG_INFO = NO;
				MTL_FAST_MATH = YES;
				SDKROOT = iphoneos;
				SWIFT_COMPILATION_MODE = wholemodule;
				SWIFT_OPTIMIZATION_LEVEL = "-O";
				VALIDATE_PRODUCT = YES;
			};
			name = Release;
		};
		659DC85325780F72002F49CF /* Debug */ = {
			isa = XCBuildConfiguration;
			buildSettings = {
				ASSETCATALOG_COMPILER_APPICON_NAME = AppIcon;
				ASSETCATALOG_COMPILER_GLOBAL_ACCENT_COLOR_NAME = AccentColor;
				CODE_SIGN_STYLE = Automatic;
				DEVELOPMENT_TEAM = 7E8WYBG3MZ;
				INFOPLIST_FILE = "Code Dictionary/Info.plist";
				LD_RUNPATH_SEARCH_PATHS = (
					"$(inherited)",
					"@executable_path/Frameworks",
				);
				PRODUCT_BUNDLE_IDENTIFIER = "com.simonhanwilson.Code-Dictionary";
				PRODUCT_NAME = "$(TARGET_NAME)";
				SWIFT_VERSION = 5.0;
				TARGETED_DEVICE_FAMILY = "1,2";
			};
			name = Debug;
		};
		659DC85425780F72002F49CF /* Release */ = {
			isa = XCBuildConfiguration;
			buildSettings = {
				ASSETCATALOG_COMPILER_APPICON_NAME = AppIcon;
				ASSETCATALOG_COMPILER_GLOBAL_ACCENT_COLOR_NAME = AccentColor;
				CODE_SIGN_STYLE = Automatic;
				DEVELOPMENT_TEAM = 7E8WYBG3MZ;
				INFOPLIST_FILE = "Code Dictionary/Info.plist";
				LD_RUNPATH_SEARCH_PATHS = (
					"$(inherited)",
					"@executable_path/Frameworks",
				);
				PRODUCT_BUNDLE_IDENTIFIER = "com.simonhanwilson.Code-Dictionary";
				PRODUCT_NAME = "$(TARGET_NAME)";
				SWIFT_VERSION = 5.0;
				TARGETED_DEVICE_FAMILY = "1,2";
			};
			name = Release;
		};
/* End XCBuildConfiguration section */

/* Begin XCConfigurationList section */
		659DC83925780F70002F49CF /* Build configuration list for PBXProject "Code Dictionary" */ = {
			isa = XCConfigurationList;
			buildConfigurations = (
				659DC85025780F72002F49CF /* Debug */,
				659DC85125780F72002F49CF /* Release */,
			);
			defaultConfigurationIsVisible = 0;
			defaultConfigurationName = Release;
		};
		659DC85225780F72002F49CF /* Build configuration list for PBXNativeTarget "Code Dictionary" */ = {
			isa = XCConfigurationList;
			buildConfigurations = (
				659DC85325780F72002F49CF /* Debug */,
				659DC85425780F72002F49CF /* Release */,
			);
			defaultConfigurationIsVisible = 0;
			defaultConfigurationName = Release;
		};
/* End XCConfigurationList section */
	};
	rootObject = 659DC83625780F70002F49CF /* Project object */;
}
